
Microsoft Visual Studio Solution File, Format Version 12.00
# Visual Studio Version 16
VisualStudioVersion = 16.0.31605.320
MinimumVisualStudioVersion = 10.0.40219.1
Project("{9A19103F-16F7-4668-BE54-9A1E7A4F7556}") = "DotNetFive.Core", "DotNetFive.Core\DotNetFive.Core.csproj", "{CEBA6C45-CAC8-4A4B-961B-56C0BE255214}"
EndProject
Project("{FAE04EC0-301F-11D3-BF4B-00C04F79EFBC}") = "DotNetFive.Infrastructure", "DotNetFive.Infrastructure\DotNetFive.Infrastructure.csproj", "{93445CEF-A7D6-44CA-A839-A451B831F437}"
EndProject
Global
	GlobalSection(SolutionConfigurationPlatforms) = preSolution
		Debug|Any CPU = Debug|Any CPU
		Release|Any CPU = Release|Any CPU
	EndGlobalSection
	GlobalSection(ProjectConfigurationPlatforms) = postSolution
		{CEBA6C45-CAC8-4A4B-961B-56C0BE255214}.Debug|Any CPU.ActiveCfg = Debug|Any CPU
		{CEBA6C45-CAC8-4A4B-961B-56C0BE255214}.Debug|Any CPU.Build.0 = Debug|Any CPU
		{CEBA6C45-CAC8-4A4B-961B-56C0BE255214}.Release|Any CPU.ActiveCfg = Release|Any CPU
		{CEBA6C45-CAC8-4A4B-961B-56C0BE255214}.Release|Any CPU.Build.0 = Release|Any CPU
		{93445CEF-A7D6-44CA-A839-A451B831F437}.Debug|Any CPU.ActiveCfg = Debug|Any CPU
		{93445CEF-A7D6-44CA-A839-A451B831F437}.Debug|Any CPU.Build.0 = Debug|Any CPU
		{93445CEF-A7D6-44CA-A839-A451B831F437}.Release|Any CPU.ActiveCfg = Release|Any CPU
		{93445CEF-A7D6-44CA-A839-A451B831F437}.Release|Any CPU.Build.0 = Release|Any CPU
	EndGlobalSection
	GlobalSection(SolutionProperties) = preSolution
		HideSolutionNode = FALSE
	EndGlobalSection
	GlobalSection(ExtensibilityGlobals) = postSolution
		SolutionGuid = {64EA644F-0327-4A33-B016-35B32C7E592D}
	EndGlobalSection
EndGlobal
